// !$*UTF8*$!
{
	archiveVersion = 1;
	classes = {
	};
	objectVersion = 50;
	objects = {

/* Begin PBXBuildFile section */
		84990621254077FE002FDC16 /* AppDelegate.swift in Sources */ = {isa = PBXBuildFile; fileRef = 84990620254077FE002FDC16 /* AppDelegate.swift */; };
		84990623254077FE002FDC16 /* SceneDelegate.swift in Sources */ = {isa = PBXBuildFile; fileRef = 84990622254077FE002FDC16 /* SceneDelegate.swift */; };
		84990625254077FE002FDC16 /* ViewController.swift in Sources */ = {isa = PBXBuildFile; fileRef = 84990624254077FE002FDC16 /* ViewController.swift */; };
		84990628254077FE002FDC16 /* Main.storyboard in Resources */ = {isa = PBXBuildFile; fileRef = 84990626254077FE002FDC16 /* Main.storyboard */; };
		8499062A254077FF002FDC16 /* Assets.xcassets in Resources */ = {isa = PBXBuildFile; fileRef = 84990629254077FF002FDC16 /* Assets.xcassets */; };
		8499062D254077FF002FDC16 /* LaunchScreen.storyboard in Resources */ = {isa = PBXBuildFile; fileRef = 8499062B254077FF002FDC16 /* LaunchScreen.storyboard */; };
		8499063525407B50002FDC16 /* Structure.swift in Sources */ = {isa = PBXBuildFile; fileRef = 8499063425407B50002FDC16 /* Structure.swift */; };
		8499063725407CEF002FDC16 /* APIHandler.swift in Sources */ = {isa = PBXBuildFile; fileRef = 8499063625407CEF002FDC16 /* APIHandler.swift */; };
		8499063925407E47002FDC16 /* UserViewModel.swift in Sources */ = {isa = PBXBuildFile; fileRef = 8499063825407E47002FDC16 /* UserViewModel.swift */; };
		8499063B25408087002FDC16 /* ArticleTableViewCell.swift in Sources */ = {isa = PBXBuildFile; fileRef = 8499063A25408087002FDC16 /* ArticleTableViewCell.swift */; };
		8499063D25409DAC002FDC16 /* Reachability.swift in Sources */ = {isa = PBXBuildFile; fileRef = 8499063C25409DAC002FDC16 /* Reachability.swift */; };
/* End PBXBuildFile section */

/* Begin PBXFileReference section */
		8499061D254077FE002FDC16 /* ShahbazKhanTest.app */ = {isa = PBXFileReference; explicitFileType = wrapper.application; includeInIndex = 0; path = ShahbazKhanTest.app; sourceTree = BUILT_PRODUCTS_DIR; };
		84990620254077FE002FDC16 /* AppDelegate.swift */ = {isa = PBXFileReference; lastKnownFileType = sourcecode.swift; path = AppDelegate.swift; sourceTree = "<group>"; };
		84990622254077FE002FDC16 /* SceneDelegate.swift */ = {isa = PBXFileReference; lastKnownFileType = sourcecode.swift; path = SceneDelegate.swift; sourceTree = "<group>"; };
		84990624254077FE002FDC16 /* ViewController.swift */ = {isa = PBXFileReference; lastKnownFileType = sourcecode.swift; path = ViewController.swift; sourceTree = "<group>"; };
		84990627254077FE002FDC16 /* Base */ = {isa = PBXFileReference; lastKnownFileType = file.storyboard; name = Base; path = Base.lproj/Main.storyboard; sourceTree = "<group>"; };
		84990629254077FF002FDC16 /* Assets.xcassets */ = {isa = PBXFileReference; lastKnownFileType = folder.assetcatalog; path = Assets.xcassets; sourceTree = "<group>"; };
		8499062C254077FF002FDC16 /* Base */ = {isa = PBXFileReference; lastKnownFileType = file.storyboard; name = Base; path = Base.lproj/LaunchScreen.storyboard; sourceTree = "<group>"; };
		8499062E254077FF002FDC16 /* Info.plist */ = {isa = PBXFileReference; lastKnownFileType = text.plist.xml; path = Info.plist; sourceTree = "<group>"; };
		8499063425407B50002FDC16 /* Structure.swift */ = {isa = PBXFileReference; fileEncoding = 4; lastKnownFileType = sourcecode.swift; path = Structure.swift; sourceTree = "<group>"; };
		8499063625407CEF002FDC16 /* APIHandler.swift */ = {isa = PBXFileReference; fileEncoding = 4; lastKnownFileType = sourcecode.swift; path = APIHandler.swift; sourceTree = "<group>"; };
		8499063825407E47002FDC16 /* UserViewModel.swift */ = {isa = PBXFileReference; fileEncoding = 4; lastKnownFileType = sourcecode.swift; path = UserViewModel.swift; sourceTree = "<group>"; };
		8499063A25408087002FDC16 /* ArticleTableViewCell.swift */ = {isa = PBXFileReference; fileEncoding = 4; lastKnownFileType = sourcecode.swift; path = ArticleTableViewCell.swift; sourceTree = "<group>"; };
		8499063C25409DAC002FDC16 /* Reachability.swift */ = {isa = PBXFileReference; lastKnownFileType = sourcecode.swift; path = Reachability.swift; sourceTree = "<group>"; };
/* End PBXFileReference section */

/* Begin PBXFrameworksBuildPhase section */
		8499061A254077FE002FDC16 /* Frameworks */ = {
			isa = PBXFrameworksBuildPhase;
			buildActionMask = 2147483647;
			files = (
			);
			runOnlyForDeploymentPostprocessing = 0;
		};
/* End PBXFrameworksBuildPhase section */

/* Begin PBXGroup section */
		84990614254077FE002FDC16 = {
			isa = PBXGroup;
			children = (
				8499061F254077FE002FDC16 /* ShahbazKhanTest */,
				8499061E254077FE002FDC16 /* Products */,
			);
			sourceTree = "<group>";
		};
		8499061E254077FE002FDC16 /* Products */ = {
			isa = PBXGroup;
			children = (
				8499061D254077FE002FDC16 /* ShahbazKhanTest.app */,
			);
			name = Products;
			sourceTree = "<group>";
		};
		8499061F254077FE002FDC16 /* ShahbazKhanTest */ = {
			isa = PBXGroup;
			children = (
				84990620254077FE002FDC16 /* AppDelegate.swift */,
				84990622254077FE002FDC16 /* SceneDelegate.swift */,
				84990624254077FE002FDC16 /* ViewController.swift */,
				8499063625407CEF002FDC16 /* APIHandler.swift */,
				8499063C25409DAC002FDC16 /* Reachability.swift */,
				8499063825407E47002FDC16 /* UserViewModel.swift */,
				8499063425407B50002FDC16 /* Structure.swift */,
				8499063A25408087002FDC16 /* ArticleTableViewCell.swift */,
				84990626254077FE002FDC16 /* Main.storyboard */,
				84990629254077FF002FDC16 /* Assets.xcassets */,
				8499062B254077FF002FDC16 /* LaunchScreen.storyboard */,
				8499062E254077FF002FDC16 /* Info.plist */,
			);
			path = ShahbazKhanTest;
			sourceTree = "<group>";
		};
/* End PBXGroup section */

/* Begin PBXNativeTarget section */
		8499061C254077FE002FDC16 /* ShahbazKhanTest */ = {
			isa = PBXNativeTarget;
			buildConfigurationList = 84990631254077FF002FDC16 /* Build configuration list for PBXNativeTarget "ShahbazKhanTest" */;
			buildPhases = (
				84990619254077FE002FDC16 /* Sources */,
				8499061A254077FE002FDC16 /* Frameworks */,
				8499061B254077FE002FDC16 /* Resources */,
			);
			buildRules = (
			);
			dependencies = (
			);
			name = ShahbazKhanTest;
			productName = ShahbazKhanTest;
			productReference = 8499061D254077FE002FDC16 /* ShahbazKhanTest.app */;
			productType = "com.apple.product-type.application";
		};
/* End PBXNativeTarget section */

/* Begin PBXProject section */
		84990615254077FE002FDC16 /* Project object */ = {
			isa = PBXProject;
			attributes = {
				LastSwiftUpdateCheck = 1130;
				LastUpgradeCheck = 1130;
				ORGANIZATIONNAME = DemoApp;
				TargetAttributes = {
					8499061C254077FE002FDC16 = {
						CreatedOnToolsVersion = 11.3.1;
					};
				};
			};
			buildConfigurationList = 84990618254077FE002FDC16 /* Build configuration list for PBXProject "ShahbazKhanTest" */;
			compatibilityVersion = "Xcode 9.3";
			developmentRegion = en;
			hasScannedForEncodings = 0;
			knownRegions = (
				en,
				Base,
			);
			mainGroup = 84990614254077FE002FDC16;
			productRefGroup = 8499061E254077FE002FDC16 /* Products */;
			projectDirPath = "";
			projectRoot = "";
			targets = (
				8499061C254077FE002FDC16 /* ShahbazKhanTest */,
			);
		};
/* End PBXProject section */

/* Begin PBXResourcesBuildPhase section */
		8499061B254077FE002FDC16 /* Resources */ = {
			isa = PBXResourcesBuildPhase;
			buildActionMask = 2147483647;
			files = (
				8499062D254077FF002FDC16 /* LaunchScreen.storyboard in Resources */,
				8499062A254077FF002FDC16 /* Assets.xcassets in Resources */,
				84990628254077FE002FDC16 /* Main.storyboard in Resources */,
			);
			runOnlyForDeploymentPostprocessing = 0;
		};
/* End PBXResourcesBuildPhase section */

/* Begin PBXSourcesBuildPhase section */
		84990619254077FE002FDC16 /* Sources */ = {
			isa = PBXSourcesBuildPhase;
			buildActionMask = 2147483647;
			files = (
				84990625254077FE002FDC16 /* ViewController.swift in Sources */,
				8499063925407E47002FDC16 /* UserViewModel.swift in Sources */,
				84990621254077FE002FDC16 /* AppDelegate.swift in Sources */,
				8499063725407CEF002FDC16 /* APIHandler.swift in Sources */,
				84990623254077FE002FDC16 /* SceneDelegate.swift in Sources */,
				8499063B25408087002FDC16 /* ArticleTableViewCell.swift in Sources */,
				8499063D25409DAC002FDC16 /* Reachability.swift in Sources */,
				8499063525407B50002FDC16 /* Structure.swift in Sources */,
			);
			runOnlyForDeploymentPostprocessing = 0;
		};
/* End PBXSourcesBuildPhase section */

/* Begin PBXVariantGroup section */
		84990626254077FE002FDC16 /* Main.storyboard */ = {
			isa = PBXVariantGroup;
			children = (
				84990627254077FE002FDC16 /* Base */,
			);
			name = Main.storyboard;
			sourceTree = "<group>";
		};
		8499062B254077FF002FDC16 /* LaunchScreen.storyboard */ = {
			isa = PBXVariantGroup;
			children = (
				8499062C254077FF002FDC16 /* Base */,
			);
			name = LaunchScreen.storyboard;
			sourceTree = "<group>";
		};
/* End PBXVariantGroup section */

/* Begin XCBuildConfiguration section */
		8499062F254077FF002FDC16 /* Debug */ = {
			isa = XCBuildConfiguration;
			buildSettings = {
				ALWAYS_SEARCH_USER_PATHS = NO;
				CLANG_ANALYZER_NONNULL = YES;
				CLANG_ANALYZER_NUMBER_OBJECT_CONVERSION = YES_AGGRESSIVE;
				CLANG_CXX_LANGUAGE_STANDARD = "gnu++14";
				CLANG_CXX_LIBRARY = "libc++";
				CLANG_ENABLE_MODULES = YES;
				CLANG_ENABLE_OBJC_ARC = YES;
				CLANG_ENABLE_OBJC_WEAK = YES;
				CLANG_WARN_BLOCK_CAPTURE_AUTORELEASING = YES;
				CLANG_WARN_BOOL_CONVERSION = YES;
				CLANG_WARN_COMMA = YES;
				CLANG_WARN_CONSTANT_CONVERSION = YES;
				CLANG_WARN_DEPRECATED_OBJC_IMPLEMENTATIONS = YES;
				CLANG_WARN_DIRECT_OBJC_ISA_USAGE = YES_ERROR;
				CLANG_WARN_DOCUMENTATION_COMMENTS = YES;
				CLANG_WARN_EMPTY_BODY = YES;
				CLANG_WARN_ENUM_CONVERSION = YES;
				CLANG_WARN_INFINITE_RECURSION = YES;
				CLANG_WARN_INT_CONVERSION = YES;
				CLANG_WARN_NON_LITERAL_NULL_CONVERSION = YES;
				CLANG_WARN_OBJC_IMPLICIT_RETAIN_SELF = YES;
				CLANG_WARN_OBJC_LITERAL_CONVERSION = YES;
				CLANG_WARN_OBJC_ROOT_CLASS = YES_ERROR;
				CLANG_WARN_RANGE_LOOP_ANALYSIS = YES;
				CLANG_WARN_STRICT_PROTOTYPES = YES;
				CLANG_WARN_SUSPICIOUS_MOVE = YES;
				CLANG_WARN_UNGUARDED_AVAILABILITY = YES_AGGRESSIVE;
				CLANG_WARN_UNREACHABLE_CODE = YES;
				CLANG_WARN__DUPLICATE_METHOD_MATCH = YES;
				COPY_PHASE_STRIP = NO;
				DEBUG_INFORMATION_FORMAT = dwarf;
				ENABLE_STRICT_OBJC_MSGSEND = YES;
				ENABLE_TESTABILITY = YES;
				GCC_C_LANGUAGE_STANDARD = gnu11;
				GCC_DYNAMIC_NO_PIC = NO;
				GCC_NO_COMMON_BLOCKS = YES;
				GCC_OPTIMIZATION_LEVEL = 0;
				GCC_PREPROCESSOR_DEFINITIONS = (
					"DEBUG=1",
					"$(inherited)",
				);
				GCC_WARN_64_TO_32_BIT_CONVERSION = YES;
				GCC_WARN_ABOUT_RETURN_TYPE = YES_ERROR;
				GCC_WARN_UNDECLARED_SELECTOR = YES;
				GCC_WARN_UNINITIALIZED_AUTOS = YES_AGGRESSIVE;
				GCC_WARN_UNUSED_FUNCTION = YES;
				GCC_WARN_UNUSED_VARIABLE = YES;
				IPHONEOS_DEPLOYMENT_TARGET = 13.2;
				MTL_ENABLE_DEBUG_INFO = INCLUDE_SOURCE;
				MTL_FAST_MATH = YES;
				ONLY_ACTIVE_ARCH = YES;
				SDKROOT = iphoneos;
				SWIFT_ACTIVE_COMPILATION_CONDITIONS = DEBUG;
				SWIFT_OPTIMIZATION_LEVEL = "-Onone";
			};
			name = Debug;
		};
		84990630254077FF002FDC16 /* Release */ = {
			isa = XCBuildConfiguration;
			buildSettings = {
				ALWAYS_SEARCH_USER_PATHS = NO;
				CLANG_ANALYZER_NONNULL = YES;
				CLANG_ANALYZER_NUMBER_OBJECT_CONVERSION = YES_AGGRESSIVE;
				CLANG_CXX_LANGUAGE_STANDARD = "gnu++14";
				CLANG_CXX_LIBRARY = "libc++";
				CLANG_ENABLE_MODULES = YES;
				CLANG_ENABLE_OBJC_ARC = YES;
				CLANG_ENABLE_OBJC_WEAK = YES;
				CLANG_WARN_BLOCK_CAPTURE_AUTORELEASING = YES;
				CLANG_WARN_BOOL_CONVERSION = YES;
				CLANG_WARN_COMMA = YES;
				CLANG_WARN_CONSTANT_CONVERSION = YES;
				CLANG_WARN_DEPRECATED_OBJC_IMPLEMENTATIONS = YES;
				CLANG_WARN_DIRECT_OBJC_ISA_USAGE = YES_ERROR;
				CLANG_WARN_DOCUMENTATION_COMMENTS = YES;
				CLANG_WARN_EMPTY_BODY = YES;
				CLANG_WARN_ENUM_CONVERSION = YES;
				CLANG_WARN_INFINITE_RECURSION = YES;
				CLANG_WARN_INT_CONVERSION = YES;
				CLANG_WARN_NON_LITERAL_NULL_CONVERSION = YES;
				CLANG_WARN_OBJC_IMPLICIT_RETAIN_SELF = YES;
				CLANG_WARN_OBJC_LITERAL_CONVERSION = YES;
				CLANG_WARN_OBJC_ROOT_CLASS = YES_ERROR;
				CLANG_WARN_RANGE_LOOP_ANALYSIS = YES;
				CLANG_WARN_STRICT_PROTOTYPES = YES;
				CLANG_WARN_SUSPICIOUS_MOVE = YES;
				CLANG_WARN_UNGUARDED_AVAILABILITY = YES_AGGRESSIVE;
				CLANG_WARN_UNREACHABLE_CODE = YES;
				CLANG_WARN__DUPLICATE_METHOD_MATCH = YES;
				COPY_PHASE_STRIP = NO;
				DEBUG_INFORMATION_FORMAT = "dwarf-with-dsym";
				ENABLE_NS_ASSERTIONS = NO;
				ENABLE_STRICT_OBJC_MSGSEND = YES;
				GCC_C_LANGUAGE_STANDARD = gnu11;
				GCC_NO_COMMON_BLOCKS = YES;
				GCC_WARN_64_TO_32_BIT_CONVERSION = YES;
				GCC_WARN_ABOUT_RETURN_TYPE = YES_ERROR;
				GCC_WARN_UNDECLARED_SELECTOR = YES;
				GCC_WARN_UNINITIALIZED_AUTOS = YES_AGGRESSIVE;
				GCC_WARN_UNUSED_FUNCTION = YES;
				GCC_WARN_UNUSED_VARIABLE = YES;
				IPHONEOS_DEPLOYMENT_TARGET = 13.2;
				MTL_ENABLE_DEBUG_INFO = NO;
				MTL_FAST_MATH = YES;
				SDKROOT = iphoneos;
				SWIFT_COMPILATION_MODE = wholemodule;
				SWIFT_OPTIMIZATION_LEVEL = "-O";
				VALIDATE_PRODUCT = YES;
			};
			name = Release;
		};
		84990632254077FF002FDC16 /* Debug */ = {
			isa = XCBuildConfiguration;
			buildSettings = {
				CODE_SIGN_STYLE = Automatic;
				INFOPLIST_FILE = ShahbazKhanTest/Info.plist;
				LD_RUNPATH_SEARCH_PATHS = (
					"$(inherited)",
					"@executable_path/Frameworks",
				);
				PRODUCT_BUNDLE_IDENTIFIER = com.map.demo.ShahbazKhanTest;
				PRODUCT_NAME = "$(TARGET_NAME)";
				SWIFT_VERSION = 5.0;
				TARGETED_DEVICE_FAMILY = "1,2";
			};
			name = Debug;
		};
		84990633254077FF002FDC16 /* Release */ = {
			isa = XCBuildConfiguration;
			buildSettings = {
				CODE_SIGN_STYLE = Automatic;
				INFOPLIST_FILE = ShahbazKhanTest/Info.plist;
				LD_RUNPATH_SEARCH_PATHS = (
					"$(inherited)",
					"@executable_path/Frameworks",
				);
				PRODUCT_BUNDLE_IDENTIFIER = com.map.demo.ShahbazKhanTest;
				PRODUCT_NAME = "$(TARGET_NAME)";
				SWIFT_VERSION = 5.0;
				TARGETED_DEVICE_FAMILY = "1,2";
			};
			name = Release;
		};
/* End XCBuildConfiguration section */

/* Begin XCConfigurationList section */
		84990618254077FE002FDC16 /* Build configuration list for PBXProject "ShahbazKhanTest" */ = {
			isa = XCConfigurationList;
			buildConfigurations = (
				8499062F254077FF002FDC16 /* Debug */,
				84990630254077FF002FDC16 /* Release */,
			);
			defaultConfigurationIsVisible = 0;
			defaultConfigurationName = Release;
		};
		84990631254077FF002FDC16 /* Build configuration list for PBXNativeTarget "ShahbazKhanTest" */ = {
			isa = XCConfigurationList;
			buildConfigurations = (
				84990632254077FF002FDC16 /* Debug */,
				84990633254077FF002FDC16 /* Release */,
			);
			defaultConfigurationIsVisible = 0;
			defaultConfigurationName = Release;
		};
/* End XCConfigurationList section */
	};
	rootObject = 84990615254077FE002FDC16 /* Project object */;
}
